// !$*UTF8*$!
{
	archiveVersion = 1;
	classes = {
	};
	objectVersion = 56;
	objects = {

/* Begin PBXBuildFile section */
		EF1AA27329F2B7270056293F /* ErrorView.swift in Sources */ = {isa = PBXBuildFile; fileRef = EF1AA27229F2B7270056293F /* ErrorView.swift */; };
		EF1AA27629F2B9640056293F /* ChapterCreatorView.swift in Sources */ = {isa = PBXBuildFile; fileRef = EF1AA27529F2B9640056293F /* ChapterCreatorView.swift */; };
		EF1AA27829F5D4FD0056293F /* Goal.swift in Sources */ = {isa = PBXBuildFile; fileRef = EF1AA27729F5D4FD0056293F /* Goal.swift */; };
		EF1AA27A29F5D6B80056293F /* GoalFetchRequestTests.swift in Sources */ = {isa = PBXBuildFile; fileRef = EF1AA27929F5D6B80056293F /* GoalFetchRequestTests.swift */; };
		EF1AA27D29F5D7260056293F /* Fakery in Frameworks */ = {isa = PBXBuildFile; productRef = EF1AA27C29F5D7260056293F /* Fakery */; };
		EF1AA28029F6A7AC0056293F /* GoalViewModel.swift in Sources */ = {isa = PBXBuildFile; fileRef = EF1AA27F29F6A7AC0056293F /* GoalViewModel.swift */; };
		EF1AA28229F6A8360056293F /* GoalViewModelTests.swift in Sources */ = {isa = PBXBuildFile; fileRef = EF1AA28129F6A8360056293F /* GoalViewModelTests.swift */; };
		EF1AA28429F6AEAC0056293F /* ChapterCreatorViewModelTests.swift in Sources */ = {isa = PBXBuildFile; fileRef = EF1AA28329F6AEAC0056293F /* ChapterCreatorViewModelTests.swift */; };
		EF1AA28629F6AEC70056293F /* ChapterCreatorViewModel.swift in Sources */ = {isa = PBXBuildFile; fileRef = EF1AA28529F6AEC70056293F /* ChapterCreatorViewModel.swift */; };
		EF1AA28829F728F40056293F /* Strings.swift in Sources */ = {isa = PBXBuildFile; fileRef = EF1AA28729F728F40056293F /* Strings.swift */; };
		EF49B50129FD708700F7B62C /* AppAlertDisplayView.swift in Sources */ = {isa = PBXBuildFile; fileRef = EF49B50029FD708700F7B62C /* AppAlertDisplayView.swift */; };
		EF49B50529FEDDE600F7B62C /* PageEditorView.swift in Sources */ = {isa = PBXBuildFile; fileRef = EF49B50429FEDDE600F7B62C /* PageEditorView.swift */; };
		EF49B50829FEDE1800F7B62C /* PageEditorViewModel.swift in Sources */ = {isa = PBXBuildFile; fileRef = EF49B50729FEDE1800F7B62C /* PageEditorViewModel.swift */; };
		EF49B50A29FF3FCE00F7B62C /* AboutUITests.swift in Sources */ = {isa = PBXBuildFile; fileRef = EF49B50929FF3FCE00F7B62C /* AboutUITests.swift */; };
		EF49B50C29FF419E00F7B62C /* LaunchScenario.swift in Sources */ = {isa = PBXBuildFile; fileRef = EF49B50B29FF419E00F7B62C /* LaunchScenario.swift */; };
		EF49B50E29FFFC6400F7B62C /* PageEditorViewModelTests.swift in Sources */ = {isa = PBXBuildFile; fileRef = EF49B50D29FFFC6400F7B62C /* PageEditorViewModelTests.swift */; };
		EF49B5102A00126500F7B62C /* TextEntryValidator.swift in Sources */ = {isa = PBXBuildFile; fileRef = EF49B50F2A00126500F7B62C /* TextEntryValidator.swift */; };
		EF49B5122A00135500F7B62C /* TextEntryValidatorTest.swift in Sources */ = {isa = PBXBuildFile; fileRef = EF49B5112A00135500F7B62C /* TextEntryValidatorTest.swift */; };
		EF4AFAE729F0612F00396FD3 /* Chapter.swift in Sources */ = {isa = PBXBuildFile; fileRef = EF4AFAE629F0612F00396FD3 /* Chapter.swift */; };
		EF5FD05429F8ABB1003D768C /* GoalSearchRow.swift in Sources */ = {isa = PBXBuildFile; fileRef = EF5FD05329F8ABB1003D768C /* GoalSearchRow.swift */; };
		EF6423C429FC20D8009F60FF /* ColorTheme.swift in Sources */ = {isa = PBXBuildFile; fileRef = EF6423C329FC20D8009F60FF /* ColorTheme.swift */; };
		EF6423C629FC245E009F60FF /* ActionAlertView.swift in Sources */ = {isa = PBXBuildFile; fileRef = EF6423C529FC245E009F60FF /* ActionAlertView.swift */; };
		EF6423C829FC6DBE009F60FF /* RangeReplaceableCollections.swift in Sources */ = {isa = PBXBuildFile; fileRef = EF6423C729FC6DBE009F60FF /* RangeReplaceableCollections.swift */; };
		EF6423CA29FC6DE6009F60FF /* RangeReplaceableCollectionTest.swift in Sources */ = {isa = PBXBuildFile; fileRef = EF6423C929FC6DE6009F60FF /* RangeReplaceableCollectionTest.swift */; };
		EF6423CC29FC722B009F60FF /* AppAlert.swift in Sources */ = {isa = PBXBuildFile; fileRef = EF6423CB29FC722B009F60FF /* AppAlert.swift */; };
		EF6423CE29FC87DB009F60FF /* View.swift in Sources */ = {isa = PBXBuildFile; fileRef = EF6423CD29FC87DB009F60FF /* View.swift */; };
		EF6423D029FD5D81009F60FF /* Doubles.swift in Sources */ = {isa = PBXBuildFile; fileRef = EF6423CF29FD5D81009F60FF /* Doubles.swift */; };
		EF6C754729FB5B6B00DDA01F /* FilteredFetchRequest.swift in Sources */ = {isa = PBXBuildFile; fileRef = EF6C754629FB5B6B00DDA01F /* FilteredFetchRequest.swift */; };
		EF91E1712A00166700B071A3 /* PageEntriesValidator.swift in Sources */ = {isa = PBXBuildFile; fileRef = EF91E1702A00166700B071A3 /* PageEntriesValidator.swift */; };
		EF91E1732A0017D900B071A3 /* PageEntriesValidatorTests.swift in Sources */ = {isa = PBXBuildFile; fileRef = EF91E1722A0017D900B071A3 /* PageEntriesValidatorTests.swift */; };
		EF91E1762A0026AA00B071A3 /* Validator.swift in Sources */ = {isa = PBXBuildFile; fileRef = EF91E1752A0026AA00B071A3 /* Validator.swift */; };
		EF91E1782A0026E100B071A3 /* PageValidator.swift in Sources */ = {isa = PBXBuildFile; fileRef = EF91E1772A0026E100B071A3 /* PageValidator.swift */; };
		EF91E17A2A002ACE00B071A3 /* PageValidatorTestCase.swift in Sources */ = {isa = PBXBuildFile; fileRef = EF91E1792A002ACE00B071A3 /* PageValidatorTestCase.swift */; };
		EF91E17C2A02F20C00B071A3 /* PageCreatorServiceTests.swift in Sources */ = {isa = PBXBuildFile; fileRef = EF91E17B2A02F20C00B071A3 /* PageCreatorServiceTests.swift */; };
		EF91E17E2A02F22700B071A3 /* PageCreatorService.swift in Sources */ = {isa = PBXBuildFile; fileRef = EF91E17D2A02F22700B071A3 /* PageCreatorService.swift */; };
		EF91E1802A03405D00B071A3 /* DependencyInjection.swift in Sources */ = {isa = PBXBuildFile; fileRef = EF91E17F2A03405D00B071A3 /* DependencyInjection.swift */; };
		EF9F3ADF29F0D7AB005CC0A0 /* TestCoreDataStack.swift in Sources */ = {isa = PBXBuildFile; fileRef = EF9F3ADE29F0D7AB005CC0A0 /* TestCoreDataStack.swift */; };
		EF9F3AE129F0D8C1005CC0A0 /* ChapterTests.swift in Sources */ = {isa = PBXBuildFile; fileRef = EF9F3AE029F0D8C1005CC0A0 /* ChapterTests.swift */; };
		EF9F3AE329F16082005CC0A0 /* IndexChapterViewModel.swift in Sources */ = {isa = PBXBuildFile; fileRef = EF9F3AE229F16082005CC0A0 /* IndexChapterViewModel.swift */; };
		EF9F3AE529F16218005CC0A0 /* IndexChapterViewModelTests.swift in Sources */ = {isa = PBXBuildFile; fileRef = EF9F3AE429F16218005CC0A0 /* IndexChapterViewModelTests.swift */; };
		EFA647CA29D4A78000A0B451 /* The_Book_Of_YouApp.swift in Sources */ = {isa = PBXBuildFile; fileRef = EFA647C929D4A78000A0B451 /* The_Book_Of_YouApp.swift */; };
		EFA647CE29D4A78100A0B451 /* Assets.xcassets in Resources */ = {isa = PBXBuildFile; fileRef = EFA647CD29D4A78100A0B451 /* Assets.xcassets */; };
		EFA647D129D4A78100A0B451 /* Preview Assets.xcassets in Resources */ = {isa = PBXBuildFile; fileRef = EFA647D029D4A78100A0B451 /* Preview Assets.xcassets */; };
		EFA647D329D4A78100A0B451 /* Persistence.swift in Sources */ = {isa = PBXBuildFile; fileRef = EFA647D229D4A78100A0B451 /* Persistence.swift */; };
		EFA647D629D4A78100A0B451 /* The_Book_Of_You.xcdatamodeld in Sources */ = {isa = PBXBuildFile; fileRef = EFA647D429D4A78100A0B451 /* The_Book_Of_You.xcdatamodeld */; };
		EFA647ED29D4A78100A0B451 /* The_Book_Of_YouUITestsLaunchTests.swift in Sources */ = {isa = PBXBuildFile; fileRef = EFA647EC29D4A78100A0B451 /* The_Book_Of_YouUITestsLaunchTests.swift */; };
		EFA6482B29DF174700A0B451 /* CoverView.swift in Sources */ = {isa = PBXBuildFile; fileRef = EFA6482A29DF174700A0B451 /* CoverView.swift */; };
		EFA6482D29DF17DF00A0B451 /* Loggers.swift in Sources */ = {isa = PBXBuildFile; fileRef = EFA6482C29DF17DF00A0B451 /* Loggers.swift */; };
		EFA6483029DF180900A0B451 /* Logging in Frameworks */ = {isa = PBXBuildFile; productRef = EFA6482F29DF180900A0B451 /* Logging */; };
		EFA6483429DF1FEA00A0B451 /* AppView.swift in Sources */ = {isa = PBXBuildFile; fileRef = EFA6483329DF1FEA00A0B451 /* AppView.swift */; };
		EFA6483629DF205C00A0B451 /* IntroView.swift in Sources */ = {isa = PBXBuildFile; fileRef = EFA6483529DF205C00A0B451 /* IntroView.swift */; };
		EFA6483829DF270000A0B451 /* NavStore.swift in Sources */ = {isa = PBXBuildFile; fileRef = EFA6483729DF270000A0B451 /* NavStore.swift */; };
		EFA6484029E1E8D700A0B451 /* AboutView.swift in Sources */ = {isa = PBXBuildFile; fileRef = EFA6483F29E1E8D700A0B451 /* AboutView.swift */; };
		EFA6484229E1EA6500A0B451 /* ClickableBackgroundView.swift in Sources */ = {isa = PBXBuildFile; fileRef = EFA6484129E1EA6500A0B451 /* ClickableBackgroundView.swift */; };
		EFA6484629E1EEA000A0B451 /* ViewUtilities.swift in Sources */ = {isa = PBXBuildFile; fileRef = EFA6484529E1EEA000A0B451 /* ViewUtilities.swift */; };
		EFA6484829E1F22000A0B451 /* Repositories.plist in Resources */ = {isa = PBXBuildFile; fileRef = EFA6484729E1F22000A0B451 /* Repositories.plist */; };
		EFA6484A29E1F2EA00A0B451 /* AboutDataService.swift in Sources */ = {isa = PBXBuildFile; fileRef = EFA6484929E1F2EA00A0B451 /* AboutDataService.swift */; };
		EFA6484C29E1FA6C00A0B451 /* CitedWorks.plist in Resources */ = {isa = PBXBuildFile; fileRef = EFA6484B29E1FA6C00A0B451 /* CitedWorks.plist */; };
		EFA6485029E2339C00A0B451 /* UserDefaults.swift in Sources */ = {isa = PBXBuildFile; fileRef = EFA6484F29E2339C00A0B451 /* UserDefaults.swift */; };
		EFA6485429E2495400A0B451 /* CloudStorage in Frameworks */ = {isa = PBXBuildFile; productRef = EFA6485329E2495400A0B451 /* CloudStorage */; };
		EFA6485629E24B7B00A0B451 /* IndexView.swift in Sources */ = {isa = PBXBuildFile; fileRef = EFA6485529E24B7B00A0B451 /* IndexView.swift */; };
/* End PBXBuildFile section */

/* Begin PBXContainerItemProxy section */
		EFA647DD29D4A78100A0B451 /* PBXContainerItemProxy */ = {
			isa = PBXContainerItemProxy;
			containerPortal = EFA647BE29D4A78000A0B451 /* Project object */;
			proxyType = 1;
			remoteGlobalIDString = EFA647C529D4A78000A0B451;
			remoteInfo = "The Book Of You";
		};
		EFA647E729D4A78100A0B451 /* PBXContainerItemProxy */ = {
			isa = PBXContainerItemProxy;
			containerPortal = EFA647BE29D4A78000A0B451 /* Project object */;
			proxyType = 1;
			remoteGlobalIDString = EFA647C529D4A78000A0B451;
			remoteInfo = "The Book Of You";
		};
/* End PBXContainerItemProxy section */

/* Begin PBXFileReference section */
		EF1AA26F29F2B4860056293F /* The Book Of You.xctestplan */ = {isa = PBXFileReference; lastKnownFileType = text; path = "The Book Of You.xctestplan"; sourceTree = "<group>"; };
		EF1AA27129F2B6B00056293F /* The-Book-Of-You-Info.plist */ = {isa = PBXFileReference; lastKnownFileType = text.plist; path = "The-Book-Of-You-Info.plist"; sourceTree = SOURCE_ROOT; };
		EF1AA27229F2B7270056293F /* ErrorView.swift */ = {isa = PBXFileReference; lastKnownFileType = sourcecode.swift; path = ErrorView.swift; sourceTree = "<group>"; };
		EF1AA27529F2B9640056293F /* ChapterCreatorView.swift */ = {isa = PBXFileReference; lastKnownFileType = sourcecode.swift; path = ChapterCreatorView.swift; sourceTree = "<group>"; };
		EF1AA27729F5D4FD0056293F /* Goal.swift */ = {isa = PBXFileReference; lastKnownFileType = sourcecode.swift; path = Goal.swift; sourceTree = "<group>"; };
		EF1AA27929F5D6B80056293F /* GoalFetchRequestTests.swift */ = {isa = PBXFileReference; lastKnownFileType = sourcecode.swift; path = GoalFetchRequestTests.swift; sourceTree = "<group>"; };
		EF1AA27F29F6A7AC0056293F /* GoalViewModel.swift */ = {isa = PBXFileReference; lastKnownFileType = sourcecode.swift; path = GoalViewModel.swift; sourceTree = "<group>"; };
		EF1AA28129F6A8360056293F /* GoalViewModelTests.swift */ = {isa = PBXFileReference; lastKnownFileType = sourcecode.swift; path = GoalViewModelTests.swift; sourceTree = "<group>"; };
		EF1AA28329F6AEAC0056293F /* ChapterCreatorViewModelTests.swift */ = {isa = PBXFileReference; lastKnownFileType = sourcecode.swift; path = ChapterCreatorViewModelTests.swift; sourceTree = "<group>"; };
		EF1AA28529F6AEC70056293F /* ChapterCreatorViewModel.swift */ = {isa = PBXFileReference; lastKnownFileType = sourcecode.swift; path = ChapterCreatorViewModel.swift; sourceTree = "<group>"; };
		EF1AA28729F728F40056293F /* Strings.swift */ = {isa = PBXFileReference; lastKnownFileType = sourcecode.swift; path = Strings.swift; sourceTree = "<group>"; };
		EF49B50029FD708700F7B62C /* AppAlertDisplayView.swift */ = {isa = PBXFileReference; fileEncoding = 4; lastKnownFileType = sourcecode.swift; path = AppAlertDisplayView.swift; sourceTree = "<group>"; };
		EF49B50429FEDDE600F7B62C /* PageEditorView.swift */ = {isa = PBXFileReference; lastKnownFileType = sourcecode.swift; path = PageEditorView.swift; sourceTree = "<group>"; };
		EF49B50729FEDE1800F7B62C /* PageEditorViewModel.swift */ = {isa = PBXFileReference; lastKnownFileType = sourcecode.swift; path = PageEditorViewModel.swift; sourceTree = "<group>"; };
		EF49B50929FF3FCE00F7B62C /* AboutUITests.swift */ = {isa = PBXFileReference; lastKnownFileType = sourcecode.swift; path = AboutUITests.swift; sourceTree = "<group>"; };
		EF49B50B29FF419E00F7B62C /* LaunchScenario.swift */ = {isa = PBXFileReference; lastKnownFileType = sourcecode.swift; path = LaunchScenario.swift; sourceTree = "<group>"; };
		EF49B50D29FFFC6400F7B62C /* PageEditorViewModelTests.swift */ = {isa = PBXFileReference; lastKnownFileType = sourcecode.swift; path = PageEditorViewModelTests.swift; sourceTree = "<group>"; };
		EF49B50F2A00126500F7B62C /* TextEntryValidator.swift */ = {isa = PBXFileReference; lastKnownFileType = sourcecode.swift; path = TextEntryValidator.swift; sourceTree = "<group>"; };
		EF49B5112A00135500F7B62C /* TextEntryValidatorTest.swift */ = {isa = PBXFileReference; lastKnownFileType = sourcecode.swift; path = TextEntryValidatorTest.swift; sourceTree = "<group>"; };
		EF4AFAE629F0612F00396FD3 /* Chapter.swift */ = {isa = PBXFileReference; lastKnownFileType = sourcecode.swift; path = Chapter.swift; sourceTree = "<group>"; };
		EF5FD05329F8ABB1003D768C /* GoalSearchRow.swift */ = {isa = PBXFileReference; lastKnownFileType = sourcecode.swift; path = GoalSearchRow.swift; sourceTree = "<group>"; };
		EF6423C329FC20D8009F60FF /* ColorTheme.swift */ = {isa = PBXFileReference; lastKnownFileType = sourcecode.swift; path = ColorTheme.swift; sourceTree = "<group>"; };
		EF6423C529FC245E009F60FF /* ActionAlertView.swift */ = {isa = PBXFileReference; lastKnownFileType = sourcecode.swift; path = ActionAlertView.swift; sourceTree = "<group>"; };
		EF6423C729FC6DBE009F60FF /* RangeReplaceableCollections.swift */ = {isa = PBXFileReference; lastKnownFileType = sourcecode.swift; path = RangeReplaceableCollections.swift; sourceTree = "<group>"; };
		EF6423C929FC6DE6009F60FF /* RangeReplaceableCollectionTest.swift */ = {isa = PBXFileReference; lastKnownFileType = sourcecode.swift; path = RangeReplaceableCollectionTest.swift; sourceTree = "<group>"; };
		EF6423CB29FC722B009F60FF /* AppAlert.swift */ = {isa = PBXFileReference; lastKnownFileType = sourcecode.swift; path = AppAlert.swift; sourceTree = "<group>"; };
		EF6423CD29FC87DB009F60FF /* View.swift */ = {isa = PBXFileReference; lastKnownFileType = sourcecode.swift; path = View.swift; sourceTree = "<group>"; };
		EF6423CF29FD5D81009F60FF /* Doubles.swift */ = {isa = PBXFileReference; lastKnownFileType = sourcecode.swift; path = Doubles.swift; sourceTree = "<group>"; };
		EF6C754629FB5B6B00DDA01F /* FilteredFetchRequest.swift */ = {isa = PBXFileReference; lastKnownFileType = sourcecode.swift; path = FilteredFetchRequest.swift; sourceTree = "<group>"; };
		EF91E1702A00166700B071A3 /* PageEntriesValidator.swift */ = {isa = PBXFileReference; lastKnownFileType = sourcecode.swift; path = PageEntriesValidator.swift; sourceTree = "<group>"; };
		EF91E1722A0017D900B071A3 /* PageEntriesValidatorTests.swift */ = {isa = PBXFileReference; lastKnownFileType = sourcecode.swift; path = PageEntriesValidatorTests.swift; sourceTree = "<group>"; };
		EF91E1752A0026AA00B071A3 /* Validator.swift */ = {isa = PBXFileReference; lastKnownFileType = sourcecode.swift; path = Validator.swift; sourceTree = "<group>"; };
		EF91E1772A0026E100B071A3 /* PageValidator.swift */ = {isa = PBXFileReference; lastKnownFileType = sourcecode.swift; path = PageValidator.swift; sourceTree = "<group>"; };
		EF91E1792A002ACE00B071A3 /* PageValidatorTestCase.swift */ = {isa = PBXFileReference; lastKnownFileType = sourcecode.swift; path = PageValidatorTestCase.swift; sourceTree = "<group>"; };
		EF91E17B2A02F20C00B071A3 /* PageCreatorServiceTests.swift */ = {isa = PBXFileReference; lastKnownFileType = sourcecode.swift; path = PageCreatorServiceTests.swift; sourceTree = "<group>"; };
		EF91E17D2A02F22700B071A3 /* PageCreatorService.swift */ = {isa = PBXFileReference; lastKnownFileType = sourcecode.swift; path = PageCreatorService.swift; sourceTree = "<group>"; };
		EF91E17F2A03405D00B071A3 /* DependencyInjection.swift */ = {isa = PBXFileReference; lastKnownFileType = sourcecode.swift; path = DependencyInjection.swift; sourceTree = "<group>"; };
		EF9F3ADE29F0D7AB005CC0A0 /* TestCoreDataStack.swift */ = {isa = PBXFileReference; lastKnownFileType = sourcecode.swift; path = TestCoreDataStack.swift; sourceTree = "<group>"; };
		EF9F3AE029F0D8C1005CC0A0 /* ChapterTests.swift */ = {isa = PBXFileReference; lastKnownFileType = sourcecode.swift; path = ChapterTests.swift; sourceTree = "<group>"; };
		EF9F3AE229F16082005CC0A0 /* IndexChapterViewModel.swift */ = {isa = PBXFileReference; lastKnownFileType = sourcecode.swift; path = IndexChapterViewModel.swift; sourceTree = "<group>"; };
		EF9F3AE429F16218005CC0A0 /* IndexChapterViewModelTests.swift */ = {isa = PBXFileReference; lastKnownFileType = sourcecode.swift; path = IndexChapterViewModelTests.swift; sourceTree = "<group>"; };
		EFA647C629D4A78000A0B451 /* The Book Of You.app */ = {isa = PBXFileReference; explicitFileType = wrapper.application; includeInIndex = 0; path = "The Book Of You.app"; sourceTree = BUILT_PRODUCTS_DIR; };
		EFA647C929D4A78000A0B451 /* The_Book_Of_YouApp.swift */ = {isa = PBXFileReference; lastKnownFileType = sourcecode.swift; path = The_Book_Of_YouApp.swift; sourceTree = "<group>"; };
		EFA647CD29D4A78100A0B451 /* Assets.xcassets */ = {isa = PBXFileReference; lastKnownFileType = folder.assetcatalog; path = Assets.xcassets; sourceTree = "<group>"; };
		EFA647D029D4A78100A0B451 /* Preview Assets.xcassets */ = {isa = PBXFileReference; lastKnownFileType = folder.assetcatalog; path = "Preview Assets.xcassets"; sourceTree = "<group>"; };
		EFA647D229D4A78100A0B451 /* Persistence.swift */ = {isa = PBXFileReference; lastKnownFileType = sourcecode.swift; path = Persistence.swift; sourceTree = "<group>"; };
		EFA647D529D4A78100A0B451 /* The_Book_Of_You.xcdatamodel */ = {isa = PBXFileReference; lastKnownFileType = wrapper.xcdatamodel; path = The_Book_Of_You.xcdatamodel; sourceTree = "<group>"; };
		EFA647D729D4A78100A0B451 /* Info.plist */ = {isa = PBXFileReference; lastKnownFileType = text.plist.xml; path = Info.plist; sourceTree = "<group>"; };
		EFA647DC29D4A78100A0B451 /* The Book Of YouTests.xctest */ = {isa = PBXFileReference; explicitFileType = wrapper.cfbundle; includeInIndex = 0; path = "The Book Of YouTests.xctest"; sourceTree = BUILT_PRODUCTS_DIR; };
		EFA647E629D4A78100A0B451 /* The Book Of YouUITests.xctest */ = {isa = PBXFileReference; explicitFileType = wrapper.cfbundle; includeInIndex = 0; path = "The Book Of YouUITests.xctest"; sourceTree = BUILT_PRODUCTS_DIR; };
		EFA647EC29D4A78100A0B451 /* The_Book_Of_YouUITestsLaunchTests.swift */ = {isa = PBXFileReference; lastKnownFileType = sourcecode.swift; path = The_Book_Of_YouUITestsLaunchTests.swift; sourceTree = "<group>"; };
		EFA6482A29DF174700A0B451 /* CoverView.swift */ = {isa = PBXFileReference; lastKnownFileType = sourcecode.swift; path = CoverView.swift; sourceTree = "<group>"; };
		EFA6482C29DF17DF00A0B451 /* Loggers.swift */ = {isa = PBXFileReference; lastKnownFileType = sourcecode.swift; path = Loggers.swift; sourceTree = "<group>"; };
		EFA6483329DF1FEA00A0B451 /* AppView.swift */ = {isa = PBXFileReference; lastKnownFileType = sourcecode.swift; path = AppView.swift; sourceTree = "<group>"; };
		EFA6483529DF205C00A0B451 /* IntroView.swift */ = {isa = PBXFileReference; lastKnownFileType = sourcecode.swift; path = IntroView.swift; sourceTree = "<group>"; };
		EFA6483729DF270000A0B451 /* NavStore.swift */ = {isa = PBXFileReference; lastKnownFileType = sourcecode.swift; path = NavStore.swift; sourceTree = "<group>"; };
		EFA6483E29E1E6C500A0B451 /* Config.xcconfig */ = {isa = PBXFileReference; lastKnownFileType = text.xcconfig; path = Config.xcconfig; sourceTree = "<group>"; };
		EFA6483F29E1E8D700A0B451 /* AboutView.swift */ = {isa = PBXFileReference; lastKnownFileType = sourcecode.swift; path = AboutView.swift; sourceTree = "<group>"; };
		EFA6484129E1EA6500A0B451 /* ClickableBackgroundView.swift */ = {isa = PBXFileReference; lastKnownFileType = sourcecode.swift; path = ClickableBackgroundView.swift; sourceTree = "<group>"; };
		EFA6484529E1EEA000A0B451 /* ViewUtilities.swift */ = {isa = PBXFileReference; lastKnownFileType = sourcecode.swift; path = ViewUtilities.swift; sourceTree = "<group>"; };
		EFA6484729E1F22000A0B451 /* Repositories.plist */ = {isa = PBXFileReference; lastKnownFileType = text.plist.xml; path = Repositories.plist; sourceTree = "<group>"; };
		EFA6484929E1F2EA00A0B451 /* AboutDataService.swift */ = {isa = PBXFileReference; lastKnownFileType = sourcecode.swift; path = AboutDataService.swift; sourceTree = "<group>"; };
		EFA6484B29E1FA6C00A0B451 /* CitedWorks.plist */ = {isa = PBXFileReference; lastKnownFileType = text.plist.xml; path = CitedWorks.plist; sourceTree = "<group>"; };
		EFA6484F29E2339C00A0B451 /* UserDefaults.swift */ = {isa = PBXFileReference; lastKnownFileType = sourcecode.swift; path = UserDefaults.swift; sourceTree = "<group>"; };
		EFA6485129E2349600A0B451 /* The Book Of You.entitlements */ = {isa = PBXFileReference; lastKnownFileType = text.plist.entitlements; path = "The Book Of You.entitlements"; sourceTree = "<group>"; };
		EFA6485529E24B7B00A0B451 /* IndexView.swift */ = {isa = PBXFileReference; lastKnownFileType = sourcecode.swift; path = IndexView.swift; sourceTree = "<group>"; };
/* End PBXFileReference section */

/* Begin PBXFrameworksBuildPhase section */
		EFA647C329D4A78000A0B451 /* Frameworks */ = {
			isa = PBXFrameworksBuildPhase;
			buildActionMask = 2147483647;
			files = (
				EFA6485429E2495400A0B451 /* CloudStorage in Frameworks */,
				EFA6483029DF180900A0B451 /* Logging in Frameworks */,
			);
			runOnlyForDeploymentPostprocessing = 0;
		};
		EFA647D929D4A78100A0B451 /* Frameworks */ = {
			isa = PBXFrameworksBuildPhase;
			buildActionMask = 2147483647;
			files = (
				EF1AA27D29F5D7260056293F /* Fakery in Frameworks */,
			);
			runOnlyForDeploymentPostprocessing = 0;
		};
		EFA647E329D4A78100A0B451 /* Frameworks */ = {
			isa = PBXFrameworksBuildPhase;
			buildActionMask = 2147483647;
			files = (
			);
			runOnlyForDeploymentPostprocessing = 0;
		};
/* End PBXFrameworksBuildPhase section */

/* Begin PBXGroup section */
		EF1AA27029F2B4EB0056293F /* Utilities */ = {
			isa = PBXGroup;
			children = (
				EFA6484529E1EEA000A0B451 /* ViewUtilities.swift */,
				EFA6484129E1EA6500A0B451 /* ClickableBackgroundView.swift */,
				EFA6484F29E2339C00A0B451 /* UserDefaults.swift */,
				EFA6482C29DF17DF00A0B451 /* Loggers.swift */,
				EF1AA27229F2B7270056293F /* ErrorView.swift */,
				EF1AA28729F728F40056293F /* Strings.swift */,
				EF6C754629FB5B6B00DDA01F /* FilteredFetchRequest.swift */,
				EF6423C729FC6DBE009F60FF /* RangeReplaceableCollections.swift */,
				EF6423CD29FC87DB009F60FF /* View.swift */,
				EF49B50B29FF419E00F7B62C /* LaunchScenario.swift */,
			);
			path = Utilities;
			sourceTree = "<group>";
		};
		EF1AA27429F2B8360056293F /* IndexView */ = {
			isa = PBXGroup;
			children = (
				EFA6485529E24B7B00A0B451 /* IndexView.swift */,
				EF9F3AE229F16082005CC0A0 /* IndexChapterViewModel.swift */,
			);
			path = IndexView;
			sourceTree = "<group>";
		};
		EF1AA27E29F6A7870056293F /* ChapterCreator */ = {
			isa = PBXGroup;
			children = (
				EF1AA27529F2B9640056293F /* ChapterCreatorView.swift */,
				EF1AA27F29F6A7AC0056293F /* GoalViewModel.swift */,
				EF1AA28529F6AEC70056293F /* ChapterCreatorViewModel.swift */,
				EF5FD05329F8ABB1003D768C /* GoalSearchRow.swift */,
			);
			path = ChapterCreator;
			sourceTree = "<group>";
		};
		EF49B50629FEDDF800F7B62C /* PageEditor */ = {
			isa = PBXGroup;
			children = (
				EF49B50429FEDDE600F7B62C /* PageEditorView.swift */,
				EF49B50729FEDE1800F7B62C /* PageEditorViewModel.swift */,
				EF91E17D2A02F22700B071A3 /* PageCreatorService.swift */,
			);
			path = PageEditor;
			sourceTree = "<group>";
		};
		EF4AFAE429EF890A00396FD3 /* Persistence */ = {
			isa = PBXGroup;
			children = (
				EFA647D429D4A78100A0B451 /* The_Book_Of_You.xcdatamodeld */,
				EFA647D229D4A78100A0B451 /* Persistence.swift */,
				EF4AFAE629F0612F00396FD3 /* Chapter.swift */,
				EF1AA27729F5D4FD0056293F /* Goal.swift */,
			);
			path = Persistence;
			sourceTree = "<group>";
		};
		EF4AFAE529EF8ADB00396FD3 /* App */ = {
			isa = PBXGroup;
			children = (
				EF6423C229FC2014009F60FF /* Style */,
				EF6423BF29FC1398009F60FF /* AppAlertView */,
				EFA647D729D4A78100A0B451 /* Info.plist */,
				EFA647CD29D4A78100A0B451 /* Assets.xcassets */,
				EFA6483E29E1E6C500A0B451 /* Config.xcconfig */,
				EFA6483329DF1FEA00A0B451 /* AppView.swift */,
				EFA6483729DF270000A0B451 /* NavStore.swift */,
				EFA647C929D4A78000A0B451 /* The_Book_Of_YouApp.swift */,
			);
			path = App;
			sourceTree = "<group>";
		};
		EF6423BF29FC1398009F60FF /* AppAlertView */ = {
			isa = PBXGroup;
			children = (
				EF49B50029FD708700F7B62C /* AppAlertDisplayView.swift */,
				EF6423C529FC245E009F60FF /* ActionAlertView.swift */,
				EF6423CB29FC722B009F60FF /* AppAlert.swift */,
			);
			path = AppAlertView;
			sourceTree = "<group>";
		};
		EF6423C229FC2014009F60FF /* Style */ = {
			isa = PBXGroup;
			children = (
				EF6423C329FC20D8009F60FF /* ColorTheme.swift */,
			);
			path = Style;
			sourceTree = "<group>";
		};
		EF91E1742A00268F00B071A3 /* Validators */ = {
			isa = PBXGroup;
			children = (
				EF49B50F2A00126500F7B62C /* TextEntryValidator.swift */,
				EF91E1702A00166700B071A3 /* PageEntriesValidator.swift */,
				EF91E1752A0026AA00B071A3 /* Validator.swift */,
				EF91E1772A0026E100B071A3 /* PageValidator.swift */,
			);
			path = Validators;
			sourceTree = "<group>";
		};
		EFA647BD29D4A78000A0B451 = {
			isa = PBXGroup;
			children = (
				EF1AA26F29F2B4860056293F /* The Book Of You.xctestplan */,
				EFA647C829D4A78000A0B451 /* The Book Of You */,
				EFA647DF29D4A78100A0B451 /* The Book Of YouTests */,
				EFA647E929D4A78100A0B451 /* The Book Of YouUITests */,
				EFA647C729D4A78000A0B451 /* Products */,
			);
			sourceTree = "<group>";
		};
		EFA647C729D4A78000A0B451 /* Products */ = {
			isa = PBXGroup;
			children = (
				EFA647C629D4A78000A0B451 /* The Book Of You.app */,
				EFA647DC29D4A78100A0B451 /* The Book Of YouTests.xctest */,
				EFA647E629D4A78100A0B451 /* The Book Of YouUITests.xctest */,
			);
			name = Products;
			sourceTree = "<group>";
		};
		EFA647C829D4A78000A0B451 /* The Book Of You */ = {
			isa = PBXGroup;
			children = (
				EF4AFAE529EF8ADB00396FD3 /* App */,
				EFA6482A29DF174700A0B451 /* CoverView.swift */,
				EFA6483529DF205C00A0B451 /* IntroView.swift */,
				EF1AA27429F2B8360056293F /* IndexView */,
				EFA6484429E1EDC200A0B451 /* AboutView */,
				EF1AA27E29F6A7870056293F /* ChapterCreator */,
				EF49B50629FEDDF800F7B62C /* PageEditor */,
				EF1AA27029F2B4EB0056293F /* Utilities */,
				EFA647CF29D4A78100A0B451 /* Preview Content */,
				EF4AFAE429EF890A00396FD3 /* Persistence */,
				EFA6485129E2349600A0B451 /* The Book Of You.entitlements */,
				EF1AA27129F2B6B00056293F /* The-Book-Of-You-Info.plist */,
				EF91E1742A00268F00B071A3 /* Validators */,
				EF91E17F2A03405D00B071A3 /* DependencyInjection.swift */,
			);
			path = "The Book Of You";
			sourceTree = "<group>";
		};
		EFA647CF29D4A78100A0B451 /* Preview Content */ = {
			isa = PBXGroup;
			children = (
				EFA647D029D4A78100A0B451 /* Preview Assets.xcassets */,
			);
			path = "Preview Content";
			sourceTree = "<group>";
		};
		EFA647DF29D4A78100A0B451 /* The Book Of YouTests */ = {
			isa = PBXGroup;
			children = (
				EF1AA28329F6AEAC0056293F /* ChapterCreatorViewModelTests.swift */,
				EF9F3AE029F0D8C1005CC0A0 /* ChapterTests.swift */,
				EF6423CF29FD5D81009F60FF /* Doubles.swift */,
				EF1AA27929F5D6B80056293F /* GoalFetchRequestTests.swift */,
				EF1AA28129F6A8360056293F /* GoalViewModelTests.swift */,
				EF9F3AE429F16218005CC0A0 /* IndexChapterViewModelTests.swift */,
				EF91E17B2A02F20C00B071A3 /* PageCreatorServiceTests.swift */,
				EF49B50D29FFFC6400F7B62C /* PageEditorViewModelTests.swift */,
				EF91E1722A0017D900B071A3 /* PageEntriesValidatorTests.swift */,
				EF91E1792A002ACE00B071A3 /* PageValidatorTestCase.swift */,
				EF6423C929FC6DE6009F60FF /* RangeReplaceableCollectionTest.swift */,
				EF9F3ADE29F0D7AB005CC0A0 /* TestCoreDataStack.swift */,
				EF49B5112A00135500F7B62C /* TextEntryValidatorTest.swift */,
			);
			path = "The Book Of YouTests";
			sourceTree = "<group>";
		};
		EFA647E929D4A78100A0B451 /* The Book Of YouUITests */ = {
			isa = PBXGroup;
			children = (
				EFA647EC29D4A78100A0B451 /* The_Book_Of_YouUITestsLaunchTests.swift */,
				EF49B50929FF3FCE00F7B62C /* AboutUITests.swift */,
			);
			path = "The Book Of YouUITests";
			sourceTree = "<group>";
		};
		EFA6484429E1EDC200A0B451 /* AboutView */ = {
			isa = PBXGroup;
			children = (
				EFA6483F29E1E8D700A0B451 /* AboutView.swift */,
				EFA6484729E1F22000A0B451 /* Repositories.plist */,
				EFA6484929E1F2EA00A0B451 /* AboutDataService.swift */,
				EFA6484B29E1FA6C00A0B451 /* CitedWorks.plist */,
			);
			path = AboutView;
			sourceTree = "<group>";
		};
/* End PBXGroup section */

/* Begin PBXNativeTarget section */
		EFA647C529D4A78000A0B451 /* The Book Of You */ = {
			isa = PBXNativeTarget;
			buildConfigurationList = EFA647F029D4A78100A0B451 /* Build configuration list for PBXNativeTarget "The Book Of You" */;
			buildPhases = (
				EFA6484D29E211E300A0B451 /* SwiftLint */,
				EFA647C229D4A78000A0B451 /* Sources */,
				EFA647C329D4A78000A0B451 /* Frameworks */,
				EFA647C429D4A78000A0B451 /* Resources */,
			);
			buildRules = (
			);
			dependencies = (
			);
			name = "The Book Of You";
			packageProductDependencies = (
				EFA6482F29DF180900A0B451 /* Logging */,
				EFA6485329E2495400A0B451 /* CloudStorage */,
			);
			productName = "The Book Of You";
			productReference = EFA647C629D4A78000A0B451 /* The Book Of You.app */;
			productType = "com.apple.product-type.application";
		};
		EFA647DB29D4A78100A0B451 /* The Book Of YouTests */ = {
			isa = PBXNativeTarget;
			buildConfigurationList = EFA647F329D4A78100A0B451 /* Build configuration list for PBXNativeTarget "The Book Of YouTests" */;
			buildPhases = (
				EFA647D829D4A78100A0B451 /* Sources */,
				EFA647D929D4A78100A0B451 /* Frameworks */,
				EFA647DA29D4A78100A0B451 /* Resources */,
			);
			buildRules = (
			);
			dependencies = (
				EFA647DE29D4A78100A0B451 /* PBXTargetDependency */,
			);
			name = "The Book Of YouTests";
			packageProductDependencies = (
				EF1AA27C29F5D7260056293F /* Fakery */,
			);
			productName = "The Book Of YouTests";
			productReference = EFA647DC29D4A78100A0B451 /* The Book Of YouTests.xctest */;
			productType = "com.apple.product-type.bundle.unit-test";
		};
		EFA647E529D4A78100A0B451 /* The Book Of YouUITests */ = {
			isa = PBXNativeTarget;
			buildConfigurationList = EFA647F629D4A78100A0B451 /* Build configuration list for PBXNativeTarget "The Book Of YouUITests" */;
			buildPhases = (
				EFA647E229D4A78100A0B451 /* Sources */,
				EFA647E329D4A78100A0B451 /* Frameworks */,
				EFA647E429D4A78100A0B451 /* Resources */,
			);
			buildRules = (
			);
			dependencies = (
				EFA647E829D4A78100A0B451 /* PBXTargetDependency */,
			);
			name = "The Book Of YouUITests";
			productName = "The Book Of YouUITests";
			productReference = EFA647E629D4A78100A0B451 /* The Book Of YouUITests.xctest */;
			productType = "com.apple.product-type.bundle.ui-testing";
		};
/* End PBXNativeTarget section */

/* Begin PBXProject section */
		EFA647BE29D4A78000A0B451 /* Project object */ = {
			isa = PBXProject;
			attributes = {
				BuildIndependentTargetsInParallel = 1;
				LastSwiftUpdateCheck = 1420;
				LastUpgradeCheck = 1420;
				TargetAttributes = {
					EFA647C529D4A78000A0B451 = {
						CreatedOnToolsVersion = 14.2;
					};
					EFA647DB29D4A78100A0B451 = {
						CreatedOnToolsVersion = 14.2;
						TestTargetID = EFA647C529D4A78000A0B451;
					};
					EFA647E529D4A78100A0B451 = {
						CreatedOnToolsVersion = 14.2;
						TestTargetID = EFA647C529D4A78000A0B451;
					};
				};
			};
			buildConfigurationList = EFA647C129D4A78000A0B451 /* Build configuration list for PBXProject "The Book Of You" */;
			compatibilityVersion = "Xcode 14.0";
			developmentRegion = en;
			hasScannedForEncodings = 0;
			knownRegions = (
				en,
				Base,
			);
			mainGroup = EFA647BD29D4A78000A0B451;
			packageReferences = (
				EFA6482E29DF180900A0B451 /* XCRemoteSwiftPackageReference "swift-log" */,
				EFA6485229E2495400A0B451 /* XCRemoteSwiftPackageReference "CloudStorage" */,
				EF1AA27B29F5D7260056293F /* XCRemoteSwiftPackageReference "Fakery" */,
			);
			productRefGroup = EFA647C729D4A78000A0B451 /* Products */;
			projectDirPath = "";
			projectRoot = "";
			targets = (
				EFA647C529D4A78000A0B451 /* The Book Of You */,
				EFA647DB29D4A78100A0B451 /* The Book Of YouTests */,
				EFA647E529D4A78100A0B451 /* The Book Of YouUITests */,
			);
		};
/* End PBXProject section */

/* Begin PBXResourcesBuildPhase section */
		EFA647C429D4A78000A0B451 /* Resources */ = {
			isa = PBXResourcesBuildPhase;
			buildActionMask = 2147483647;
			files = (
				EFA647D129D4A78100A0B451 /* Preview Assets.xcassets in Resources */,
				EFA6484C29E1FA6C00A0B451 /* CitedWorks.plist in Resources */,
				EFA6484829E1F22000A0B451 /* Repositories.plist in Resources */,
				EFA647CE29D4A78100A0B451 /* Assets.xcassets in Resources */,
			);
			runOnlyForDeploymentPostprocessing = 0;
		};
		EFA647DA29D4A78100A0B451 /* Resources */ = {
			isa = PBXResourcesBuildPhase;
			buildActionMask = 2147483647;
			files = (
			);
			runOnlyForDeploymentPostprocessing = 0;
		};
		EFA647E429D4A78100A0B451 /* Resources */ = {
			isa = PBXResourcesBuildPhase;
			buildActionMask = 2147483647;
			files = (
			);
			runOnlyForDeploymentPostprocessing = 0;
		};
/* End PBXResourcesBuildPhase section */

/* Begin PBXShellScriptBuildPhase section */
		EFA6484D29E211E300A0B451 /* SwiftLint */ = {
			isa = PBXShellScriptBuildPhase;
			alwaysOutOfDate = 1;
			buildActionMask = 2147483647;
			files = (
			);
			inputFileListPaths = (
			);
			inputPaths = (
			);
			name = SwiftLint;
			outputFileListPaths = (
			);
			outputPaths = (
			);
			runOnlyForDeploymentPostprocessing = 0;
			shellPath = /bin/sh;
			shellScript = "export PATH=\"$PATH:/opt/homebrew/bin\"\nif which swiftlint > /dev/null; then\n  swiftlint\nelse\n  echo \"warning: SwiftLint not installed, download from https://github.com/realm/SwiftLint\"\nfi\n";
		};
/* End PBXShellScriptBuildPhase section */

/* Begin PBXSourcesBuildPhase section */
		EFA647C229D4A78000A0B451 /* Sources */ = {
			isa = PBXSourcesBuildPhase;
			buildActionMask = 2147483647;
			files = (
				EF49B50129FD708700F7B62C /* AppAlertDisplayView.swift in Sources */,
				EF6423C829FC6DBE009F60FF /* RangeReplaceableCollections.swift in Sources */,
				EF91E1802A03405D00B071A3 /* DependencyInjection.swift in Sources */,
				EF5FD05429F8ABB1003D768C /* GoalSearchRow.swift in Sources */,
				EF6423CE29FC87DB009F60FF /* View.swift in Sources */,
				EF6423C629FC245E009F60FF /* ActionAlertView.swift in Sources */,
				EF49B50529FEDDE600F7B62C /* PageEditorView.swift in Sources */,
				EF9F3AE329F16082005CC0A0 /* IndexChapterViewModel.swift in Sources */,
				EFA6483829DF270000A0B451 /* NavStore.swift in Sources */,
				EFA647D329D4A78100A0B451 /* Persistence.swift in Sources */,
				EF91E17E2A02F22700B071A3 /* PageCreatorService.swift in Sources */,
				EF1AA27629F2B9640056293F /* ChapterCreatorView.swift in Sources */,
				EF6423C429FC20D8009F60FF /* ColorTheme.swift in Sources */,
				EF1AA28629F6AEC70056293F /* ChapterCreatorViewModel.swift in Sources */,
				EFA6483629DF205C00A0B451 /* IntroView.swift in Sources */,
				EF1AA27329F2B7270056293F /* ErrorView.swift in Sources */,
				EF49B50829FEDE1800F7B62C /* PageEditorViewModel.swift in Sources */,
				EFA6482B29DF174700A0B451 /* CoverView.swift in Sources */,
				EFA6484029E1E8D700A0B451 /* AboutView.swift in Sources */,
				EF91E1712A00166700B071A3 /* PageEntriesValidator.swift in Sources */,
				EFA6484629E1EEA000A0B451 /* ViewUtilities.swift in Sources */,
				EF49B50C29FF419E00F7B62C /* LaunchScenario.swift in Sources */,
				EF1AA28029F6A7AC0056293F /* GoalViewModel.swift in Sources */,
				EF49B5102A00126500F7B62C /* TextEntryValidator.swift in Sources */,
				EFA6483429DF1FEA00A0B451 /* AppView.swift in Sources */,
				EF1AA28829F728F40056293F /* Strings.swift in Sources */,
				EFA6482D29DF17DF00A0B451 /* Loggers.swift in Sources */,
				EF6C754729FB5B6B00DDA01F /* FilteredFetchRequest.swift in Sources */,
				EFA6484229E1EA6500A0B451 /* ClickableBackgroundView.swift in Sources */,
				EF91E1782A0026E100B071A3 /* PageValidator.swift in Sources */,
				EFA647CA29D4A78000A0B451 /* The_Book_Of_YouApp.swift in Sources */,
				EF91E1762A0026AA00B071A3 /* Validator.swift in Sources */,
				EFA647D629D4A78100A0B451 /* The_Book_Of_You.xcdatamodeld in Sources */,
				EF6423CC29FC722B009F60FF /* AppAlert.swift in Sources */,
				EF1AA27829F5D4FD0056293F /* Goal.swift in Sources */,
				EFA6485029E2339C00A0B451 /* UserDefaults.swift in Sources */,
				EFA6485629E24B7B00A0B451 /* IndexView.swift in Sources */,
				EFA6484A29E1F2EA00A0B451 /* AboutDataService.swift in Sources */,
				EF4AFAE729F0612F00396FD3 /* Chapter.swift in Sources */,
			);
			runOnlyForDeploymentPostprocessing = 0;
		};
		EFA647D829D4A78100A0B451 /* Sources */ = {
			isa = PBXSourcesBuildPhase;
			buildActionMask = 2147483647;
			files = (
				EF49B5122A00135500F7B62C /* TextEntryValidatorTest.swift in Sources */,
				EF91E17A2A002ACE00B071A3 /* PageValidatorTestCase.swift in Sources */,
				EF9F3AE529F16218005CC0A0 /* IndexChapterViewModelTests.swift in Sources */,
				EF6423CA29FC6DE6009F60FF /* RangeReplaceableCollectionTest.swift in Sources */,
				EF49B50E29FFFC6400F7B62C /* PageEditorViewModelTests.swift in Sources */,
				EF1AA28429F6AEAC0056293F /* ChapterCreatorViewModelTests.swift in Sources */,
				EF6423D029FD5D81009F60FF /* Doubles.swift in Sources */,
				EF9F3AE129F0D8C1005CC0A0 /* ChapterTests.swift in Sources */,
				EF9F3ADF29F0D7AB005CC0A0 /* TestCoreDataStack.swift in Sources */,
				EF91E17C2A02F20C00B071A3 /* PageCreatorServiceTests.swift in Sources */,
				EF1AA27A29F5D6B80056293F /* GoalFetchRequestTests.swift in Sources */,
				EF1AA28229F6A8360056293F /* GoalViewModelTests.swift in Sources */,
				EF91E1732A0017D900B071A3 /* PageEntriesValidatorTests.swift in Sources */,
			);
			runOnlyForDeploymentPostprocessing = 0;
		};
		EFA647E229D4A78100A0B451 /* Sources */ = {
			isa = PBXSourcesBuildPhase;
			buildActionMask = 2147483647;
			files = (
				EFA647ED29D4A78100A0B451 /* The_Book_Of_YouUITestsLaunchTests.swift in Sources */,
				EF49B50A29FF3FCE00F7B62C /* AboutUITests.swift in Sources */,
			);
			runOnlyForDeploymentPostprocessing = 0;
		};
/* End PBXSourcesBuildPhase section */

/* Begin PBXTargetDependency section */
		EFA647DE29D4A78100A0B451 /* PBXTargetDependency */ = {
			isa = PBXTargetDependency;
			target = EFA647C529D4A78000A0B451 /* The Book Of You */;
			targetProxy = EFA647DD29D4A78100A0B451 /* PBXContainerItemProxy */;
		};
		EFA647E829D4A78100A0B451 /* PBXTargetDependency */ = {
			isa = PBXTargetDependency;
			target = EFA647C529D4A78000A0B451 /* The Book Of You */;
			targetProxy = EFA647E729D4A78100A0B451 /* PBXContainerItemProxy */;
		};
/* End PBXTargetDependency section */

/* Begin XCBuildConfiguration section */
		EFA647EE29D4A78100A0B451 /* Debug */ = {
			isa = XCBuildConfiguration;
			buildSettings = {
				ALWAYS_SEARCH_USER_PATHS = NO;
				CLANG_ANALYZER_NONNULL = YES;
				CLANG_ANALYZER_NUMBER_OBJECT_CONVERSION = YES_AGGRESSIVE;
				CLANG_CXX_LANGUAGE_STANDARD = "gnu++20";
				CLANG_ENABLE_MODULES = YES;
				CLANG_ENABLE_OBJC_ARC = YES;
				CLANG_ENABLE_OBJC_WEAK = YES;
				CLANG_WARN_BLOCK_CAPTURE_AUTORELEASING = YES;
				CLANG_WARN_BOOL_CONVERSION = YES;
				CLANG_WARN_COMMA = YES;
				CLANG_WARN_CONSTANT_CONVERSION = YES;
				CLANG_WARN_DEPRECATED_OBJC_IMPLEMENTATIONS = YES;
				CLANG_WARN_DIRECT_OBJC_ISA_USAGE = YES_ERROR;
				CLANG_WARN_DOCUMENTATION_COMMENTS = YES;
				CLANG_WARN_EMPTY_BODY = YES;
				CLANG_WARN_ENUM_CONVERSION = YES;
				CLANG_WARN_INFINITE_RECURSION = YES;
				CLANG_WARN_INT_CONVERSION = YES;
				CLANG_WARN_NON_LITERAL_NULL_CONVERSION = YES;
				CLANG_WARN_OBJC_IMPLICIT_RETAIN_SELF = YES;
				CLANG_WARN_OBJC_LITERAL_CONVERSION = YES;
				CLANG_WARN_OBJC_ROOT_CLASS = YES_ERROR;
				CLANG_WARN_QUOTED_INCLUDE_IN_FRAMEWORK_HEADER = YES;
				CLANG_WARN_RANGE_LOOP_ANALYSIS = YES;
				CLANG_WARN_STRICT_PROTOTYPES = YES;
				CLANG_WARN_SUSPICIOUS_MOVE = YES;
				CLANG_WARN_UNGUARDED_AVAILABILITY = YES_AGGRESSIVE;
				CLANG_WARN_UNREACHABLE_CODE = YES;
				CLANG_WARN__DUPLICATE_METHOD_MATCH = YES;
				COPY_PHASE_STRIP = NO;
				DEBUG_INFORMATION_FORMAT = dwarf;
				ENABLE_STRICT_OBJC_MSGSEND = YES;
				ENABLE_TESTABILITY = YES;
				GCC_C_LANGUAGE_STANDARD = gnu11;
				GCC_DYNAMIC_NO_PIC = NO;
				GCC_NO_COMMON_BLOCKS = YES;
				GCC_OPTIMIZATION_LEVEL = 0;
				GCC_PREPROCESSOR_DEFINITIONS = (
					"DEBUG=1",
					"$(inherited)",
				);
				GCC_WARN_64_TO_32_BIT_CONVERSION = YES;
				GCC_WARN_ABOUT_RETURN_TYPE = YES_ERROR;
				GCC_WARN_UNDECLARED_SELECTOR = YES;
				GCC_WARN_UNINITIALIZED_AUTOS = YES_AGGRESSIVE;
				GCC_WARN_UNUSED_FUNCTION = YES;
				GCC_WARN_UNUSED_VARIABLE = YES;
				IPHONEOS_DEPLOYMENT_TARGET = 16.2;
				MTL_ENABLE_DEBUG_INFO = INCLUDE_SOURCE;
				MTL_FAST_MATH = YES;
				ONLY_ACTIVE_ARCH = YES;
				SDKROOT = iphoneos;
				SWIFT_ACTIVE_COMPILATION_CONDITIONS = DEBUG;
				SWIFT_OPTIMIZATION_LEVEL = "-Onone";
			};
			name = Debug;
		};
		EFA647EF29D4A78100A0B451 /* Release */ = {
			isa = XCBuildConfiguration;
			buildSettings = {
				ALWAYS_SEARCH_USER_PATHS = NO;
				CLANG_ANALYZER_NONNULL = YES;
				CLANG_ANALYZER_NUMBER_OBJECT_CONVERSION = YES_AGGRESSIVE;
				CLANG_CXX_LANGUAGE_STANDARD = "gnu++20";
				CLANG_ENABLE_MODULES = YES;
				CLANG_ENABLE_OBJC_ARC = YES;
				CLANG_ENABLE_OBJC_WEAK = YES;
				CLANG_WARN_BLOCK_CAPTURE_AUTORELEASING = YES;
				CLANG_WARN_BOOL_CONVERSION = YES;
				CLANG_WARN_COMMA = YES;
				CLANG_WARN_CONSTANT_CONVERSION = YES;
				CLANG_WARN_DEPRECATED_OBJC_IMPLEMENTATIONS = YES;
				CLANG_WARN_DIRECT_OBJC_ISA_USAGE = YES_ERROR;
				CLANG_WARN_DOCUMENTATION_COMMENTS = YES;
				CLANG_WARN_EMPTY_BODY = YES;
				CLANG_WARN_ENUM_CONVERSION = YES;
				CLANG_WARN_INFINITE_RECURSION = YES;
				CLANG_WARN_INT_CONVERSION = YES;
				CLANG_WARN_NON_LITERAL_NULL_CONVERSION = YES;
				CLANG_WARN_OBJC_IMPLICIT_RETAIN_SELF = YES;
				CLANG_WARN_OBJC_LITERAL_CONVERSION = YES;
				CLANG_WARN_OBJC_ROOT_CLASS = YES_ERROR;
				CLANG_WARN_QUOTED_INCLUDE_IN_FRAMEWORK_HEADER = YES;
				CLANG_WARN_RANGE_LOOP_ANALYSIS = YES;
				CLANG_WARN_STRICT_PROTOTYPES = YES;
				CLANG_WARN_SUSPICIOUS_MOVE = YES;
				CLANG_WARN_UNGUARDED_AVAILABILITY = YES_AGGRESSIVE;
				CLANG_WARN_UNREACHABLE_CODE = YES;
				CLANG_WARN__DUPLICATE_METHOD_MATCH = YES;
				COPY_PHASE_STRIP = NO;
				DEBUG_INFORMATION_FORMAT = "dwarf-with-dsym";
				ENABLE_NS_ASSERTIONS = NO;
				ENABLE_STRICT_OBJC_MSGSEND = YES;
				GCC_C_LANGUAGE_STANDARD = gnu11;
				GCC_NO_COMMON_BLOCKS = YES;
				GCC_WARN_64_TO_32_BIT_CONVERSION = YES;
				GCC_WARN_ABOUT_RETURN_TYPE = YES_ERROR;
				GCC_WARN_UNDECLARED_SELECTOR = YES;
				GCC_WARN_UNINITIALIZED_AUTOS = YES_AGGRESSIVE;
				GCC_WARN_UNUSED_FUNCTION = YES;
				GCC_WARN_UNUSED_VARIABLE = YES;
				IPHONEOS_DEPLOYMENT_TARGET = 16.2;
				MTL_ENABLE_DEBUG_INFO = NO;
				MTL_FAST_MATH = YES;
				SDKROOT = iphoneos;
				SWIFT_COMPILATION_MODE = wholemodule;
				SWIFT_OPTIMIZATION_LEVEL = "-O";
				VALIDATE_PRODUCT = YES;
			};
			name = Release;
		};
		EFA647F129D4A78100A0B451 /* Debug */ = {
			isa = XCBuildConfiguration;
			buildSettings = {
				ASSETCATALOG_COMPILER_APPICON_NAME = AppIcon;
				ASSETCATALOG_COMPILER_GLOBAL_ACCENT_COLOR_NAME = AccentColor;
				CODE_SIGN_ENTITLEMENTS = "The Book Of You/The Book Of You.entitlements";
				CODE_SIGN_STYLE = Automatic;
				CURRENT_PROJECT_VERSION = 1;
				DEVELOPMENT_ASSET_PATHS = "\"The Book Of You/Preview Content\"";
				DEVELOPMENT_TEAM = AZ59WCD7SF;
				ENABLE_PREVIEWS = YES;
				GENERATE_INFOPLIST_FILE = YES;
				INFOPLIST_FILE = "The-Book-Of-You-Info.plist";
				INFOPLIST_KEY_LSApplicationCategoryType = "public.app-category.utilities";
				INFOPLIST_KEY_UIApplicationSceneManifest_Generation = YES;
				INFOPLIST_KEY_UIApplicationSupportsIndirectInputEvents = YES;
				INFOPLIST_KEY_UILaunchScreen_Generation = YES;
				INFOPLIST_KEY_UISupportedInterfaceOrientations_iPad = "UIInterfaceOrientationPortrait UIInterfaceOrientationPortraitUpsideDown UIInterfaceOrientationLandscapeLeft UIInterfaceOrientationLandscapeRight";
				INFOPLIST_KEY_UISupportedInterfaceOrientations_iPhone = "UIInterfaceOrientationPortrait UIInterfaceOrientationLandscapeLeft UIInterfaceOrientationLandscapeRight";
				IPHONEOS_DEPLOYMENT_TARGET = 16.1;
				LD_RUNPATH_SEARCH_PATHS = (
					"$(inherited)",
					"@executable_path/Frameworks",
				);
				MARKETING_VERSION = 1.0;
				PRODUCT_BUNDLE_IDENTIFIER = "com.shauncodes.The-Book-Of-You";
				PRODUCT_NAME = "$(TARGET_NAME)";
				SWIFT_EMIT_LOC_STRINGS = YES;
				SWIFT_VERSION = 5.0;
				TARGETED_DEVICE_FAMILY = "1,2";
			};
			name = Debug;
		};
		EFA647F229D4A78100A0B451 /* Release */ = {
			isa = XCBuildConfiguration;
			buildSettings = {
				ASSETCATALOG_COMPILER_APPICON_NAME = AppIcon;
				ASSETCATALOG_COMPILER_GLOBAL_ACCENT_COLOR_NAME = AccentColor;
				CODE_SIGN_ENTITLEMENTS = "The Book Of You/The Book Of You.entitlements";
				CODE_SIGN_STYLE = Automatic;
				CURRENT_PROJECT_VERSION = 1;
				DEVELOPMENT_ASSET_PATHS = "\"The Book Of You/Preview Content\"";
				DEVELOPMENT_TEAM = AZ59WCD7SF;
				ENABLE_PREVIEWS = YES;
				GENERATE_INFOPLIST_FILE = YES;
				INFOPLIST_FILE = "The-Book-Of-You-Info.plist";
				INFOPLIST_KEY_LSApplicationCategoryType = "public.app-category.utilities";
				INFOPLIST_KEY_UIApplicationSceneManifest_Generation = YES;
				INFOPLIST_KEY_UIApplicationSupportsIndirectInputEvents = YES;
				INFOPLIST_KEY_UILaunchScreen_Generation = YES;
				INFOPLIST_KEY_UISupportedInterfaceOrientations_iPad = "UIInterfaceOrientationPortrait UIInterfaceOrientationPortraitUpsideDown UIInterfaceOrientationLandscapeLeft UIInterfaceOrientationLandscapeRight";
				INFOPLIST_KEY_UISupportedInterfaceOrientations_iPhone = "UIInterfaceOrientationPortrait UIInterfaceOrientationLandscapeLeft UIInterfaceOrientationLandscapeRight";
				IPHONEOS_DEPLOYMENT_TARGET = 16.1;
				LD_RUNPATH_SEARCH_PATHS = (
					"$(inherited)",
					"@executable_path/Frameworks",
				);
				MARKETING_VERSION = 1.0;
				PRODUCT_BUNDLE_IDENTIFIER = "com.shauncodes.The-Book-Of-You";
				PRODUCT_NAME = "$(TARGET_NAME)";
				SWIFT_EMIT_LOC_STRINGS = YES;
				SWIFT_VERSION = 5.0;
				TARGETED_DEVICE_FAMILY = "1,2";
			};
			name = Release;
		};
		EFA647F429D4A78100A0B451 /* Debug */ = {
			isa = XCBuildConfiguration;
			buildSettings = {
				ALWAYS_EMBED_SWIFT_STANDARD_LIBRARIES = YES;
				BUNDLE_LOADER = "$(TEST_HOST)";
				CODE_SIGN_STYLE = Automatic;
				CURRENT_PROJECT_VERSION = 1;
				DEVELOPMENT_TEAM = AZ59WCD7SF;
				GENERATE_INFOPLIST_FILE = YES;
				IPHONEOS_DEPLOYMENT_TARGET = 16.2;
				MARKETING_VERSION = 1.0;
				PRODUCT_BUNDLE_IDENTIFIER = "com.shauncodes.The-Book-Of-YouTests";
				PRODUCT_NAME = "$(TARGET_NAME)";
				SWIFT_EMIT_LOC_STRINGS = NO;
				SWIFT_VERSION = 5.0;
				TARGETED_DEVICE_FAMILY = "1,2";
				TEST_HOST = "$(BUILT_PRODUCTS_DIR)/The Book Of You.app/$(BUNDLE_EXECUTABLE_FOLDER_PATH)/The Book Of You";
			};
			name = Debug;
		};
		EFA647F529D4A78100A0B451 /* Release */ = {
			isa = XCBuildConfiguration;
			buildSettings = {
				ALWAYS_EMBED_SWIFT_STANDARD_LIBRARIES = YES;
				BUNDLE_LOADER = "$(TEST_HOST)";
				CODE_SIGN_STYLE = Automatic;
				CURRENT_PROJECT_VERSION = 1;
				DEVELOPMENT_TEAM = AZ59WCD7SF;
				GENERATE_INFOPLIST_FILE = YES;
				IPHONEOS_DEPLOYMENT_TARGET = 16.2;
				MARKETING_VERSION = 1.0;
				PRODUCT_BUNDLE_IDENTIFIER = "com.shauncodes.The-Book-Of-YouTests";
				PRODUCT_NAME = "$(TARGET_NAME)";
				SWIFT_EMIT_LOC_STRINGS = NO;
				SWIFT_VERSION = 5.0;
				TARGETED_DEVICE_FAMILY = "1,2";
				TEST_HOST = "$(BUILT_PRODUCTS_DIR)/The Book Of You.app/$(BUNDLE_EXECUTABLE_FOLDER_PATH)/The Book Of You";
			};
			name = Release;
		};
		EFA647F729D4A78100A0B451 /* Debug */ = {
			isa = XCBuildConfiguration;
			buildSettings = {
				ALWAYS_EMBED_SWIFT_STANDARD_LIBRARIES = YES;
				CODE_SIGN_STYLE = Automatic;
				CURRENT_PROJECT_VERSION = 1;
				DEVELOPMENT_TEAM = AZ59WCD7SF;
				GENERATE_INFOPLIST_FILE = YES;
				MARKETING_VERSION = 1.0;
				PRODUCT_BUNDLE_IDENTIFIER = "com.shauncodes.The-Book-Of-YouUITests";
				PRODUCT_NAME = "$(TARGET_NAME)";
				SWIFT_EMIT_LOC_STRINGS = NO;
				SWIFT_VERSION = 5.0;
				TARGETED_DEVICE_FAMILY = "1,2";
				TEST_TARGET_NAME = "The Book Of You";
			};
			name = Debug;
		};
		EFA647F829D4A78100A0B451 /* Release */ = {
			isa = XCBuildConfiguration;
			buildSettings = {
				ALWAYS_EMBED_SWIFT_STANDARD_LIBRARIES = YES;
				CODE_SIGN_STYLE = Automatic;
				CURRENT_PROJECT_VERSION = 1;
				DEVELOPMENT_TEAM = AZ59WCD7SF;
				GENERATE_INFOPLIST_FILE = YES;
				MARKETING_VERSION = 1.0;
				PRODUCT_BUNDLE_IDENTIFIER = "com.shauncodes.The-Book-Of-YouUITests";
				PRODUCT_NAME = "$(TARGET_NAME)";
				SWIFT_EMIT_LOC_STRINGS = NO;
				SWIFT_VERSION = 5.0;
				TARGETED_DEVICE_FAMILY = "1,2";
				TEST_TARGET_NAME = "The Book Of You";
			};
			name = Release;
		};
/* End XCBuildConfiguration section */

/* Begin XCConfigurationList section */
		EFA647C129D4A78000A0B451 /* Build configuration list for PBXProject "The Book Of You" */ = {
			isa = XCConfigurationList;
			buildConfigurations = (
				EFA647EE29D4A78100A0B451 /* Debug */,
				EFA647EF29D4A78100A0B451 /* Release */,
			);
			defaultConfigurationIsVisible = 0;
			defaultConfigurationName = Release;
		};
		EFA647F029D4A78100A0B451 /* Build configuration list for PBXNativeTarget "The Book Of You" */ = {
			isa = XCConfigurationList;
			buildConfigurations = (
				EFA647F129D4A78100A0B451 /* Debug */,
				EFA647F229D4A78100A0B451 /* Release */,
			);
			defaultConfigurationIsVisible = 0;
			defaultConfigurationName = Release;
		};
		EFA647F329D4A78100A0B451 /* Build configuration list for PBXNativeTarget "The Book Of YouTests" */ = {
			isa = XCConfigurationList;
			buildConfigurations = (
				EFA647F429D4A78100A0B451 /* Debug */,
				EFA647F529D4A78100A0B451 /* Release */,
			);
			defaultConfigurationIsVisible = 0;
			defaultConfigurationName = Release;
		};
		EFA647F629D4A78100A0B451 /* Build configuration list for PBXNativeTarget "The Book Of YouUITests" */ = {
			isa = XCConfigurationList;
			buildConfigurations = (
				EFA647F729D4A78100A0B451 /* Debug */,
				EFA647F829D4A78100A0B451 /* Release */,
			);
			defaultConfigurationIsVisible = 0;
			defaultConfigurationName = Release;
		};
/* End XCConfigurationList section */

/* Begin XCRemoteSwiftPackageReference section */
		EF1AA27B29F5D7260056293F /* XCRemoteSwiftPackageReference "Fakery" */ = {
			isa = XCRemoteSwiftPackageReference;
			repositoryURL = "https://github.com/vadymmarkov/Fakery.git";
			requirement = {
				kind = upToNextMajorVersion;
				minimumVersion = 5.0.0;
			};
		};
		EFA6482E29DF180900A0B451 /* XCRemoteSwiftPackageReference "swift-log" */ = {
			isa = XCRemoteSwiftPackageReference;
			repositoryURL = "https://github.com/apple/swift-log";
			requirement = {
				kind = upToNextMajorVersion;
				minimumVersion = 1.0.0;
			};
		};
		EFA6485229E2495400A0B451 /* XCRemoteSwiftPackageReference "CloudStorage" */ = {
			isa = XCRemoteSwiftPackageReference;
			repositoryURL = "https://github.com/tomlokhorst/CloudStorage";
			requirement = {
				kind = upToNextMajorVersion;
				minimumVersion = 0.2.0;
			};
		};
/* End XCRemoteSwiftPackageReference section */

/* Begin XCSwiftPackageProductDependency section */
		EF1AA27C29F5D7260056293F /* Fakery */ = {
			isa = XCSwiftPackageProductDependency;
			package = EF1AA27B29F5D7260056293F /* XCRemoteSwiftPackageReference "Fakery" */;
			productName = Fakery;
		};
		EFA6482F29DF180900A0B451 /* Logging */ = {
			isa = XCSwiftPackageProductDependency;
			package = EFA6482E29DF180900A0B451 /* XCRemoteSwiftPackageReference "swift-log" */;
			productName = Logging;
		};
		EFA6485329E2495400A0B451 /* CloudStorage */ = {
			isa = XCSwiftPackageProductDependency;
			package = EFA6485229E2495400A0B451 /* XCRemoteSwiftPackageReference "CloudStorage" */;
			productName = CloudStorage;
		};
/* End XCSwiftPackageProductDependency section */

/* Begin XCVersionGroup section */
		EFA647D429D4A78100A0B451 /* The_Book_Of_You.xcdatamodeld */ = {
			isa = XCVersionGroup;
			children = (
				EFA647D529D4A78100A0B451 /* The_Book_Of_You.xcdatamodel */,
			);
			currentVersion = EFA647D529D4A78100A0B451 /* The_Book_Of_You.xcdatamodel */;
			path = The_Book_Of_You.xcdatamodeld;
			sourceTree = "<group>";
			versionGroupType = wrapper.xcdatamodel;
		};
/* End XCVersionGroup section */
	};
	rootObject = EFA647BE29D4A78000A0B451 /* Project object */;
}
